{
    "name": "food-advertising",
    "version": "1.0.0",
    "lockfileVersion": 2,
    "requires": true,
    "packages": {
      "": {
        "name": "food-advertising",
        "version": "1.0.0",
        "license": "ISC",
        "devDependencies": {
          "sass": "^1.32.8"
        }
      },
      "node_modules/sass": {
        "version": "1.32.8",
        "resolved": "https://registry.npmjs.org/sass/-/sass-1.32.8.tgz",
        "integrity": "sha512-Td+zS7Y0iqq4VXXFUy+m8YFWaPb1Lh/TlDDF/YY0cz02swUCD2iKmqB06ZT9KrKqR3f4y9F5g3A8vRiBp8xBCw==",
        "dev": true,
        "engines": {
          "node": ">=10.0.0"
        }
      }
    },
    "dependencies": {
      "sass": {
        "version": "1.32.8",
        "resolved": "https://registry.npmjs.org/sass/-/sass-1.32.8.tgz",
        "integrity": "sha512-Td+zS7Y0iqq4VXXFUy+m8YFWaPb1Lh/TlDDF/YY0cz02swUCD2iKmqB06ZT9KrKqR3f4y9F5g3A8vRiBp8xBCw==",
        "dev": true
      }
    }
  }
  